
Microsoft Visual Studio Solution File, Format Version 12.00
# Visual Studio Version 17
VisualStudioVersion = 17.6.33513.286
MinimumVisualStudioVersion = 10.0.40219.1
Project("{FAE04EC0-301F-11D3-BF4B-00C04F79EFBC}") = "дз 15.04", "дз 15.04\дз 15.04.csproj", "{AC6FD77D-A127-4F9F-86EE-7C88CEE5A653}"
EndProject
Global
	GlobalSection(SolutionConfigurationPlatforms) = preSolution
		Debug|Any CPU = Debug|Any CPU
		Release|Any CPU = Release|Any CPU
	EndGlobalSection
	GlobalSection(ProjectConfigurationPlatforms) = postSolution
		{AC6FD77D-A127-4F9F-86EE-7C88CEE5A653}.Debug|Any CPU.ActiveCfg = Debug|Any CPU
		{AC6FD77D-A127-4F9F-86EE-7C88CEE5A653}.Debug|Any CPU.Build.0 = Debug|Any CPU
		{AC6FD77D-A127-4F9F-86EE-7C88CEE5A653}.Release|Any CPU.ActiveCfg = Release|Any CPU
		{AC6FD77D-A127-4F9F-86EE-7C88CEE5A653}.Release|Any CPU.Build.0 = Release|Any CPU
	EndGlobalSection
	GlobalSection(SolutionProperties) = preSolution
		HideSolutionNode = FALSE
	EndGlobalSection
	GlobalSection(ExtensibilityGlobals) = postSolution
		SolutionGuid = {AA4C23A7-26CC-4B99-B548-16F4A47F3270}
	EndGlobalSection
EndGlobal
